// !$*UTF8*$!
{
	archiveVersion = 1;
	classes = {
	};
	objectVersion = 48;
	objects = {

/* Begin PBXBuildFile section */
		FB03C65D1F84BF2A005FC7A2 /* AppDelegate.swift in Sources */ = {isa = PBXBuildFile; fileRef = FB03C65C1F84BF2A005FC7A2 /* AppDelegate.swift */; };
		FB03C65F1F84BF2A005FC7A2 /* ViewController.swift in Sources */ = {isa = PBXBuildFile; fileRef = FB03C65E1F84BF2A005FC7A2 /* ViewController.swift */; };
		FB03C6621F84BF2A005FC7A2 /* Main.storyboard in Resources */ = {isa = PBXBuildFile; fileRef = FB03C6601F84BF2A005FC7A2 /* Main.storyboard */; };
		FB03C6641F84BF2A005FC7A2 /* Assets.xcassets in Resources */ = {isa = PBXBuildFile; fileRef = FB03C6631F84BF2A005FC7A2 /* Assets.xcassets */; };
		FB03C6671F84BF2A005FC7A2 /* LaunchScreen.storyboard in Resources */ = {isa = PBXBuildFile; fileRef = FB03C6651F84BF2A005FC7A2 /* LaunchScreen.storyboard */; };
/* End PBXBuildFile section */

/* Begin PBXFileReference section */
		FB03C6591F84BF2A005FC7A2 /* DemoFaceTrip.app */ = {isa = PBXFileReference; explicitFileType = wrapper.application; includeInIndex = 0; path = DemoFaceTrip.app; sourceTree = BUILT_PRODUCTS_DIR; };
		FB03C65C1F84BF2A005FC7A2 /* AppDelegate.swift */ = {isa = PBXFileReference; lastKnownFileType = sourcecode.swift; path = AppDelegate.swift; sourceTree = "<group>"; };
		FB03C65E1F84BF2A005FC7A2 /* ViewController.swift */ = {isa = PBXFileReference; lastKnownFileType = sourcecode.swift; path = ViewController.swift; sourceTree = "<group>"; };
		FB03C6611F84BF2A005FC7A2 /* Base */ = {isa = PBXFileReference; lastKnownFileType = file.storyboard; name = Base; path = Base.lproj/Main.storyboard; sourceTree = "<group>"; };
		FB03C6631F84BF2A005FC7A2 /* Assets.xcassets */ = {isa = PBXFileReference; lastKnownFileType = folder.assetcatalog; path = Assets.xcassets; sourceTree = "<group>"; };
		FB03C6661F84BF2A005FC7A2 /* Base */ = {isa = PBXFileReference; lastKnownFileType = file.storyboard; name = Base; path = Base.lproj/LaunchScreen.storyboard; sourceTree = "<group>"; };
		FB03C6681F84BF2A005FC7A2 /* Info.plist */ = {isa = PBXFileReference; lastKnownFileType = text.plist.xml; path = Info.plist; sourceTree = "<group>"; };
/* End PBXFileReference section */

/* Begin PBXFrameworksBuildPhase section */
		FB03C6561F84BF2A005FC7A2 /* Frameworks */ = {
			isa = PBXFrameworksBuildPhase;
			buildActionMask = 2147483647;
			files = (
			);
			runOnlyForDeploymentPostprocessing = 0;
		};
/* End PBXFrameworksBuildPhase section */

/* Begin PBXGroup section */
		FB03C6501F84BF2A005FC7A2 = {
			isa = PBXGroup;
			children = (
				FB03C65B1F84BF2A005FC7A2 /* DemoFaceTrip */,
				FB03C65A1F84BF2A005FC7A2 /* Products */,
			);
			sourceTree = "<group>";
		};
		FB03C65A1F84BF2A005FC7A2 /* Products */ = {
			isa = PBXGroup;
			children = (
				FB03C6591F84BF2A005FC7A2 /* DemoFaceTrip.app */,
			);
			name = Products;
			sourceTree = "<group>";
		};
		FB03C65B1F84BF2A005FC7A2 /* DemoFaceTrip */ = {
			isa = PBXGroup;
			children = (
				FB03C65C1F84BF2A005FC7A2 /* AppDelegate.swift */,
				FB03C65E1F84BF2A005FC7A2 /* ViewController.swift */,
				FB03C6601F84BF2A005FC7A2 /* Main.storyboard */,
				FB03C6631F84BF2A005FC7A2 /* Assets.xcassets */,
				FB03C6651F84BF2A005FC7A2 /* LaunchScreen.storyboard */,
				FB03C6681F84BF2A005FC7A2 /* Info.plist */,
			);
			path = DemoFaceTrip;
			sourceTree = "<group>";
		};
/* End PBXGroup section */

/* Begin PBXNativeTarget section */
		FB03C6581F84BF2A005FC7A2 /* DemoFaceTrip */ = {
			isa = PBXNativeTarget;
			buildConfigurationList = FB03C66B1F84BF2A005FC7A2 /* Build configuration list for PBXNativeTarget "DemoFaceTrip" */;
			buildPhases = (
				FB03C6551F84BF2A005FC7A2 /* Sources */,
				FB03C6561F84BF2A005FC7A2 /* Frameworks */,
				FB03C6571F84BF2A005FC7A2 /* Resources */,
			);
			buildRules = (
			);
			dependencies = (
			);
			name = DemoFaceTrip;
			productName = DemoFaceTrip;
			productReference = FB03C6591F84BF2A005FC7A2 /* DemoFaceTrip.app */;
			productType = "com.apple.product-type.application";
		};
/* End PBXNativeTarget section */

/* Begin PBXProject section */
		FB03C6511F84BF2A005FC7A2 /* Project object */ = {
			isa = PBXProject;
			attributes = {
				LastSwiftUpdateCheck = 0900;
				LastUpgradeCheck = 0900;
				ORGANIZATIONNAME = "Kien Nguyen";
				TargetAttributes = {
					FB03C6581F84BF2A005FC7A2 = {
						CreatedOnToolsVersion = 9.0;
						ProvisioningStyle = Automatic;
					};
				};
			};
			buildConfigurationList = FB03C6541F84BF2A005FC7A2 /* Build configuration list for PBXProject "DemoFaceTrip" */;
			compatibilityVersion = "Xcode 8.0";
			developmentRegion = en;
			hasScannedForEncodings = 0;
			knownRegions = (
				en,
				Base,
			);
			mainGroup = FB03C6501F84BF2A005FC7A2;
			productRefGroup = FB03C65A1F84BF2A005FC7A2 /* Products */;
			projectDirPath = "";
			projectRoot = "";
			targets = (
				FB03C6581F84BF2A005FC7A2 /* DemoFaceTrip */,
			);
		};
/* End PBXProject section */

/* Begin PBXResourcesBuildPhase section */
		FB03C6571F84BF2A005FC7A2 /* Resources */ = {
			isa = PBXResourcesBuildPhase;
			buildActionMask = 2147483647;
			files = (
				FB03C6671F84BF2A005FC7A2 /* LaunchScreen.storyboard in Resources */,
				FB03C6641F84BF2A005FC7A2 /* Assets.xcassets in Resources */,
				FB03C6621F84BF2A005FC7A2 /* Main.storyboard in Resources */,
			);
			runOnlyForDeploymentPostprocessing = 0;
		};
/* End PBXResourcesBuildPhase section */

/* Begin PBXSourcesBuildPhase section */
		FB03C6551F84BF2A005FC7A2 /* Sources */ = {
			isa = PBXSourcesBuildPhase;
			buildActionMask = 2147483647;
			files = (
				FB03C65F1F84BF2A005FC7A2 /* ViewController.swift in Sources */,
				FB03C65D1F84BF2A005FC7A2 /* AppDelegate.swift in Sources */,
			);
			runOnlyForDeploymentPostprocessing = 0;
		};
/* End PBXSourcesBuildPhase section */

/* Begin PBXVariantGroup section */
		FB03C6601F84BF2A005FC7A2 /* Main.storyboard */ = {
			isa = PBXVariantGroup;
			children = (
				FB03C6611F84BF2A005FC7A2 /* Base */,
			);
			name = Main.storyboard;
			sourceTree = "<group>";
		};
		FB03C6651F84BF2A005FC7A2 /* LaunchScreen.storyboard */ = {
			isa = PBXVariantGroup;
			children = (
				FB03C6661F84BF2A005FC7A2 /* Base */,
			);
			name = LaunchScreen.storyboard;
			sourceTree = "<group>";
		};
/* End PBXVariantGroup section */

/* Begin XCBuildConfiguration section */
		FB03C6691F84BF2A005FC7A2 /* Debug */ = {
			isa = XCBuildConfiguration;
			buildSettings = {
				ALWAYS_SEARCH_USER_PATHS = NO;
				CLANG_ANALYZER_NONNULL = YES;
				CLANG_ANALYZER_NUMBER_OBJECT_CONVERSION = YES_AGGRESSIVE;
				CLANG_CXX_LANGUAGE_STANDARD = "gnu++14";
				CLANG_CXX_LIBRARY = "libc++";
				CLANG_ENABLE_MODULES = YES;
				CLANG_ENABLE_OBJC_ARC = YES;
				CLANG_WARN_BLOCK_CAPTURE_AUTORELEASING = YES;
				CLANG_WARN_BOOL_CONVERSION = YES;
				CLANG_WARN_COMMA = YES;
				CLANG_WARN_CONSTANT_CONVERSION = YES;
				CLANG_WARN_DIRECT_OBJC_ISA_USAGE = YES_ERROR;
				CLANG_WARN_DOCUMENTATION_COMMENTS = YES;
				CLANG_WARN_EMPTY_BODY = YES;
				CLANG_WARN_ENUM_CONVERSION = YES;
				CLANG_WARN_INFINITE_RECURSION = YES;
				CLANG_WARN_INT_CONVERSION = YES;
				CLANG_WARN_NON_LITERAL_NULL_CONVERSION = YES;
				CLANG_WARN_OBJC_LITERAL_CONVERSION = YES;
				CLANG_WARN_OBJC_ROOT_CLASS = YES_ERROR;
				CLANG_WARN_RANGE_LOOP_ANALYSIS = YES;
				CLANG_WARN_STRICT_PROTOTYPES = YES;
				CLANG_WARN_SUSPICIOUS_MOVE = YES;
				CLANG_WARN_UNGUARDED_AVAILABILITY = YES_AGGRESSIVE;
				CLANG_WARN_UNREACHABLE_CODE = YES;
				CLANG_WARN__DUPLICATE_METHOD_MATCH = YES;
				CODE_SIGN_IDENTITY = "iPhone Developer";
				COPY_PHASE_STRIP = NO;
				DEBUG_INFORMATION_FORMAT = dwarf;
				ENABLE_STRICT_OBJC_MSGSEND = YES;
				ENABLE_TESTABILITY = YES;
				GCC_C_LANGUAGE_STANDARD = gnu11;
				GCC_DYNAMIC_NO_PIC = NO;
				GCC_NO_COMMON_BLOCKS = YES;
				GCC_OPTIMIZATION_LEVEL = 0;
				GCC_PREPROCESSOR_DEFINITIONS = (
					"DEBUG=1",
					"$(inherited)",
				);
				GCC_WARN_64_TO_32_BIT_CONVERSION = YES;
				GCC_WARN_ABOUT_RETURN_TYPE = YES_ERROR;
				GCC_WARN_UNDECLARED_SELECTOR = YES;
				GCC_WARN_UNINITIALIZED_AUTOS = YES_AGGRESSIVE;
				GCC_WARN_UNUSED_FUNCTION = YES;
				GCC_WARN_UNUSED_VARIABLE = YES;
				IPHONEOS_DEPLOYMENT_TARGET = 11.0;
				MTL_ENABLE_DEBUG_INFO = YES;
				ONLY_ACTIVE_ARCH = YES;
				SDKROOT = iphoneos;
				SWIFT_ACTIVE_COMPILATION_CONDITIONS = DEBUG;
				SWIFT_OPTIMIZATION_LEVEL = "-Onone";
			};
			name = Debug;
		};
		FB03C66A1F84BF2A005FC7A2 /* Release */ = {
			isa = XCBuildConfiguration;
			buildSettings = {
				ALWAYS_SEARCH_USER_PATHS = NO;
				CLANG_ANALYZER_NONNULL = YES;
				CLANG_ANALYZER_NUMBER_OBJECT_CONVERSION = YES_AGGRESSIVE;
				CLANG_CXX_LANGUAGE_STANDARD = "gnu++14";
				CLANG_CXX_LIBRARY = "libc++";
				CLANG_ENABLE_MODULES = YES;
				CLANG_ENABLE_OBJC_ARC = YES;
				CLANG_WARN_BLOCK_CAPTURE_AUTORELEASING = YES;
				CLANG_WARN_BOOL_CONVERSION = YES;
				CLANG_WARN_COMMA = YES;
				CLANG_WARN_CONSTANT_CONVERSION = YES;
				CLANG_WARN_DIRECT_OBJC_ISA_USAGE = YES_ERROR;
				CLANG_WARN_DOCUMENTATION_COMMENTS = YES;
				CLANG_WARN_EMPTY_BODY = YES;
				CLANG_WARN_ENUM_CONVERSION = YES;
				CLANG_WARN_INFINITE_RECURSION = YES;
				CLANG_WARN_INT_CONVERSION = YES;
				CLANG_WARN_NON_LITERAL_NULL_CONVERSION = YES;
				CLANG_WARN_OBJC_LITERAL_CONVERSION = YES;
				CLANG_WARN_OBJC_ROOT_CLASS = YES_ERROR;
				CLANG_WARN_RANGE_LOOP_ANALYSIS = YES;
				CLANG_WARN_STRICT_PROTOTYPES = YES;
				CLANG_WARN_SUSPICIOUS_MOVE = YES;
				CLANG_WARN_UNGUARDED_AVAILABILITY = YES_AGGRESSIVE;
				CLANG_WARN_UNREACHABLE_CODE = YES;
				CLANG_WARN__DUPLICATE_METHOD_MATCH = YES;
				CODE_SIGN_IDENTITY = "iPhone Developer";
				COPY_PHASE_STRIP = NO;
				DEBUG_INFORMATION_FORMAT = "dwarf-with-dsym";
				ENABLE_NS_ASSERTIONS = NO;
				ENABLE_STRICT_OBJC_MSGSEND = YES;
				GCC_C_LANGUAGE_STANDARD = gnu11;
				GCC_NO_COMMON_BLOCKS = YES;
				GCC_WARN_64_TO_32_BIT_CONVERSION = YES;
				GCC_WARN_ABOUT_RETURN_TYPE = YES_ERROR;
				GCC_WARN_UNDECLARED_SELECTOR = YES;
				GCC_WARN_UNINITIALIZED_AUTOS = YES_AGGRESSIVE;
				GCC_WARN_UNUSED_FUNCTION = YES;
				GCC_WARN_UNUSED_VARIABLE = YES;
				IPHONEOS_DEPLOYMENT_TARGET = 11.0;
				MTL_ENABLE_DEBUG_INFO = NO;
				SDKROOT = iphoneos;
				SWIFT_OPTIMIZATION_LEVEL = "-Owholemodule";
				VALIDATE_PRODUCT = YES;
			};
			name = Release;
		};
		FB03C66C1F84BF2A005FC7A2 /* Debug */ = {
			isa = XCBuildConfiguration;
			buildSettings = {
				ASSETCATALOG_COMPILER_APPICON_NAME = AppIcon;
				CODE_SIGN_STYLE = Automatic;
				INFOPLIST_FILE = DemoFaceTrip/Info.plist;
				LD_RUNPATH_SEARCH_PATHS = "$(inherited) @executable_path/Frameworks";
				PRODUCT_BUNDLE_IDENTIFIER = KienNguyen.DemoFaceTrip;
				PRODUCT_NAME = "$(TARGET_NAME)";
				SWIFT_VERSION = 4.0;
				TARGETED_DEVICE_FAMILY = "1,2";
			};
			name = Debug;
		};
		FB03C66D1F84BF2A005FC7A2 /* Release */ = {
			isa = XCBuildConfiguration;
			buildSettings = {
				ASSETCATALOG_COMPILER_APPICON_NAME = AppIcon;
				CODE_SIGN_STYLE = Automatic;
				INFOPLIST_FILE = DemoFaceTrip/Info.plist;
				LD_RUNPATH_SEARCH_PATHS = "$(inherited) @executable_path/Frameworks";
				PRODUCT_BUNDLE_IDENTIFIER = KienNguyen.DemoFaceTrip;
				PRODUCT_NAME = "$(TARGET_NAME)";
				SWIFT_VERSION = 4.0;
				TARGETED_DEVICE_FAMILY = "1,2";
			};
			name = Release;
		};
/* End XCBuildConfiguration section */

/* Begin XCConfigurationList section */
		FB03C6541F84BF2A005FC7A2 /* Build configuration list for PBXProject "DemoFaceTrip" */ = {
			isa = XCConfigurationList;
			buildConfigurations = (
				FB03C6691F84BF2A005FC7A2 /* Debug */,
				FB03C66A1F84BF2A005FC7A2 /* Release */,
			);
			defaultConfigurationIsVisible = 0;
			defaultConfigurationName = Release;
		};
		FB03C66B1F84BF2A005FC7A2 /* Build configuration list for PBXNativeTarget "DemoFaceTrip" */ = {
			isa = XCConfigurationList;
			buildConfigurations = (
				FB03C66C1F84BF2A005FC7A2 /* Debug */,
				FB03C66D1F84BF2A005FC7A2 /* Release */,
			);
			defaultConfigurationIsVisible = 0;
			defaultConfigurationName = Release;
		};
/* End XCConfigurationList section */
	};
	rootObject = FB03C6511F84BF2A005FC7A2 /* Project object */;
}
